{
  "lib/chainlink-brownie-contracts": {
    "tag": {
      "name": "1.1.1",
      "rev": "12393bd475bd60c222ff12e75c0f68effe1bbaaf"
    }
  },
  "lib/forge-std": {
    "tag": {
      "name": "v1.9.1",
      "rev": "07263d193d621c4b2b0ce8b4d54af58f6957d97d"
    }
  },
  "lib/foundry-devops": {
    "tag": {
      "name": "0.3.1",
      "rev": "0486847c28f1a9b5a22ee410e5f9733f44834e40"
    }
  }
}